
Microsoft Visual Studio Solution File, Format Version 12.00
# Visual Studio Version 17
VisualStudioVersion = 17.1.32228.430
MinimumVisualStudioVersion = 10.0.40219.1
Project("{9A19103F-16F7-4668-BE54-9A1E7A4F7556}") = "FishFactoryView", "FishFactoryView\FishFactoryView.csproj", "{2A7F796F-D63C-4141-831C-5FA238459531}"
EndProject
Project("{9A19103F-16F7-4668-BE54-9A1E7A4F7556}") = "FishFactoryFileImplement", "FishFactory_FileImplement\FishFactoryFileImplement.csproj", "{93B303E6-0E78-4A82-A0A8-0847264EC535}"
EndProject
Project("{9A19103F-16F7-4668-BE54-9A1E7A4F7556}") = "FishFactoryBusinessLogic", "FishFactoryBusinessLogic.cs\FishFactoryBusinessLogic.csproj", "{26208C9B-E7A5-4FB8-B230-5F9C672A6D5D}"
EndProject
Project("{9A19103F-16F7-4668-BE54-9A1E7A4F7556}") = "FishFactoryContracts", "FishFactoryContracts.cs\FishFactoryContracts.csproj", "{9C36E034-5683-4155-9134-270B9F60A2A3}"
EndProject
Project("{9A19103F-16F7-4668-BE54-9A1E7A4F7556}") = "FishFactoryListImplement", "FishFactoryListImplement.cs\FishFactoryListImplement.csproj", "{7820B331-25E2-472A-9DDF-C2FC7D286996}"
EndProject
Global
	GlobalSection(SolutionConfigurationPlatforms) = preSolution
		Debug|Any CPU = Debug|Any CPU
		Release|Any CPU = Release|Any CPU
	EndGlobalSection
	GlobalSection(ProjectConfigurationPlatforms) = postSolution
		{2A7F796F-D63C-4141-831C-5FA238459531}.Debug|Any CPU.ActiveCfg = Debug|Any CPU
		{2A7F796F-D63C-4141-831C-5FA238459531}.Debug|Any CPU.Build.0 = Debug|Any CPU
		{2A7F796F-D63C-4141-831C-5FA238459531}.Release|Any CPU.ActiveCfg = Release|Any CPU
		{2A7F796F-D63C-4141-831C-5FA238459531}.Release|Any CPU.Build.0 = Release|Any CPU
		{93B303E6-0E78-4A82-A0A8-0847264EC535}.Debug|Any CPU.ActiveCfg = Debug|Any CPU
		{93B303E6-0E78-4A82-A0A8-0847264EC535}.Debug|Any CPU.Build.0 = Debug|Any CPU
		{93B303E6-0E78-4A82-A0A8-0847264EC535}.Release|Any CPU.ActiveCfg = Release|Any CPU
		{93B303E6-0E78-4A82-A0A8-0847264EC535}.Release|Any CPU.Build.0 = Release|Any CPU
		{26208C9B-E7A5-4FB8-B230-5F9C672A6D5D}.Debug|Any CPU.ActiveCfg = Debug|Any CPU
		{26208C9B-E7A5-4FB8-B230-5F9C672A6D5D}.Debug|Any CPU.Build.0 = Debug|Any CPU
		{26208C9B-E7A5-4FB8-B230-5F9C672A6D5D}.Release|Any CPU.ActiveCfg = Release|Any CPU
		{26208C9B-E7A5-4FB8-B230-5F9C672A6D5D}.Release|Any CPU.Build.0 = Release|Any CPU
		{9C36E034-5683-4155-9134-270B9F60A2A3}.Debug|Any CPU.ActiveCfg = Debug|Any CPU
		{9C36E034-5683-4155-9134-270B9F60A2A3}.Debug|Any CPU.Build.0 = Debug|Any CPU
		{9C36E034-5683-4155-9134-270B9F60A2A3}.Release|Any CPU.ActiveCfg = Release|Any CPU
		{9C36E034-5683-4155-9134-270B9F60A2A3}.Release|Any CPU.Build.0 = Release|Any CPU
		{7820B331-25E2-472A-9DDF-C2FC7D286996}.Debug|Any CPU.ActiveCfg = Debug|Any CPU
		{7820B331-25E2-472A-9DDF-C2FC7D286996}.Debug|Any CPU.Build.0 = Debug|Any CPU
		{7820B331-25E2-472A-9DDF-C2FC7D286996}.Release|Any CPU.ActiveCfg = Release|Any CPU
		{7820B331-25E2-472A-9DDF-C2FC7D286996}.Release|Any CPU.Build.0 = Release|Any CPU
	EndGlobalSection
	GlobalSection(SolutionProperties) = preSolution
		HideSolutionNode = FALSE
	EndGlobalSection
	GlobalSection(ExtensibilityGlobals) = postSolution
		SolutionGuid = {4CF65A84-0293-4AE9-A328-CC0063C79302}
	EndGlobalSection
EndGlobal
