
Microsoft Visual Studio Solution File, Format Version 12.00
# Visual Studio Version 17
VisualStudioVersion = 17.1.32210.238
MinimumVisualStudioVersion = 10.0.40219.1
Project("{9A19103F-16F7-4668-BE54-9A1E7A4F7556}") = "FishFactoryView", "FishFactoryView\FishFactoryView.csproj", "{2A7F796F-D63C-4141-831C-5FA238459531}"
EndProject
Project("{9A19103F-16F7-4668-BE54-9A1E7A4F7556}") = "FishFactoryBusinessLogic", "FishFactoryBusinessLogic\FishFactoryBusinessLogic.csproj", "{38A2A6EC-E122-40E3-884B-D0C2667DEBCB}"
EndProject
Project("{9A19103F-16F7-4668-BE54-9A1E7A4F7556}") = "FishFactoryContracts", "FishFactoryContracts\FishFactoryContracts.csproj", "{E89D27AE-B582-4542-94BB-6BDEFBCEE16D}"
EndProject
Project("{9A19103F-16F7-4668-BE54-9A1E7A4F7556}") = "FishFactoryListImplement", "FishFactoryListImplement\FishFactoryListImplement.csproj", "{13B753EB-4D32-4FBF-ACB7-006BE3A39F64}"
EndProject
Project("{9A19103F-16F7-4668-BE54-9A1E7A4F7556}") = "FishFactoryFileImplement", "FishFactoryFileImplement\FishFactoryFileImplement.csproj", "{724C22B6-064B-4257-B611-BFB4594EAE0F}"
EndProject
Project("{FAE04EC0-301F-11D3-BF4B-00C04F79EFBC}") = "FishFactoryDatabaseImplement", "FishFactoryDatabaseImplement\FishFactoryDatabaseImplement.csproj", "{28488153-70EC-4690-B0EF-23712BC88F0E}"
EndProject
Global
	GlobalSection(SolutionConfigurationPlatforms) = preSolution
		Debug|Any CPU = Debug|Any CPU
		Release|Any CPU = Release|Any CPU
	EndGlobalSection
	GlobalSection(ProjectConfigurationPlatforms) = postSolution
		{2A7F796F-D63C-4141-831C-5FA238459531}.Debug|Any CPU.ActiveCfg = Debug|Any CPU
		{2A7F796F-D63C-4141-831C-5FA238459531}.Debug|Any CPU.Build.0 = Debug|Any CPU
		{2A7F796F-D63C-4141-831C-5FA238459531}.Release|Any CPU.ActiveCfg = Release|Any CPU
		{2A7F796F-D63C-4141-831C-5FA238459531}.Release|Any CPU.Build.0 = Release|Any CPU
		{38A2A6EC-E122-40E3-884B-D0C2667DEBCB}.Debug|Any CPU.ActiveCfg = Debug|Any CPU
		{38A2A6EC-E122-40E3-884B-D0C2667DEBCB}.Debug|Any CPU.Build.0 = Debug|Any CPU
		{38A2A6EC-E122-40E3-884B-D0C2667DEBCB}.Release|Any CPU.ActiveCfg = Release|Any CPU
		{38A2A6EC-E122-40E3-884B-D0C2667DEBCB}.Release|Any CPU.Build.0 = Release|Any CPU
		{E89D27AE-B582-4542-94BB-6BDEFBCEE16D}.Debug|Any CPU.ActiveCfg = Debug|Any CPU
		{E89D27AE-B582-4542-94BB-6BDEFBCEE16D}.Debug|Any CPU.Build.0 = Debug|Any CPU
		{E89D27AE-B582-4542-94BB-6BDEFBCEE16D}.Release|Any CPU.ActiveCfg = Release|Any CPU
		{E89D27AE-B582-4542-94BB-6BDEFBCEE16D}.Release|Any CPU.Build.0 = Release|Any CPU
		{13B753EB-4D32-4FBF-ACB7-006BE3A39F64}.Debug|Any CPU.ActiveCfg = Debug|Any CPU
		{13B753EB-4D32-4FBF-ACB7-006BE3A39F64}.Debug|Any CPU.Build.0 = Debug|Any CPU
		{13B753EB-4D32-4FBF-ACB7-006BE3A39F64}.Release|Any CPU.ActiveCfg = Release|Any CPU
		{13B753EB-4D32-4FBF-ACB7-006BE3A39F64}.Release|Any CPU.Build.0 = Release|Any CPU
		{724C22B6-064B-4257-B611-BFB4594EAE0F}.Debug|Any CPU.ActiveCfg = Debug|Any CPU
		{724C22B6-064B-4257-B611-BFB4594EAE0F}.Debug|Any CPU.Build.0 = Debug|Any CPU
		{724C22B6-064B-4257-B611-BFB4594EAE0F}.Release|Any CPU.ActiveCfg = Release|Any CPU
		{724C22B6-064B-4257-B611-BFB4594EAE0F}.Release|Any CPU.Build.0 = Release|Any CPU
		{28488153-70EC-4690-B0EF-23712BC88F0E}.Debug|Any CPU.ActiveCfg = Debug|Any CPU
		{28488153-70EC-4690-B0EF-23712BC88F0E}.Debug|Any CPU.Build.0 = Debug|Any CPU
		{28488153-70EC-4690-B0EF-23712BC88F0E}.Release|Any CPU.ActiveCfg = Release|Any CPU
		{28488153-70EC-4690-B0EF-23712BC88F0E}.Release|Any CPU.Build.0 = Release|Any CPU
	EndGlobalSection
	GlobalSection(SolutionProperties) = preSolution
		HideSolutionNode = FALSE
	EndGlobalSection
	GlobalSection(ExtensibilityGlobals) = postSolution
		SolutionGuid = {4CF65A84-0293-4AE9-A328-CC0063C79302}
	EndGlobalSection
EndGlobal
