
Microsoft Visual Studio Solution File, Format Version 12.00
# Visual Studio Version 16
VisualStudioVersion = 16.0.32106.194
MinimumVisualStudioVersion = 10.0.40219.1
Project("{FAE04EC0-301F-11D3-BF4B-00C04F79EFBC}") = "FishFactoryView", "FishFactoryView\FishFactoryView.csproj", "{2A7F796F-D63C-4141-831C-5FA238459531}"
EndProject
Project("{FAE04EC0-301F-11D3-BF4B-00C04F79EFBC}") = "FishFactoryBusinessLogic", "FishFactoryBusinessLogic\FishFactoryBusinessLogic.csproj", "{38A2A6EC-E122-40E3-884B-D0C2667DEBCB}"
EndProject
Project("{FAE04EC0-301F-11D3-BF4B-00C04F79EFBC}") = "FishFactoryContracts", "FishFactoryContracts\FishFactoryContracts.csproj", "{E89D27AE-B582-4542-94BB-6BDEFBCEE16D}"
EndProject
Project("{FAE04EC0-301F-11D3-BF4B-00C04F79EFBC}") = "FishFactoryListImplement", "FishFactoryListImplement\FishFactoryListImplement.csproj", "{13B753EB-4D32-4FBF-ACB7-006BE3A39F64}"
EndProject
Global
	GlobalSection(SolutionConfigurationPlatforms) = preSolution
		Debug|Any CPU = Debug|Any CPU
		Release|Any CPU = Release|Any CPU
	EndGlobalSection
	GlobalSection(ProjectConfigurationPlatforms) = postSolution
		{2A7F796F-D63C-4141-831C-5FA238459531}.Debug|Any CPU.ActiveCfg = Debug|Any CPU
		{2A7F796F-D63C-4141-831C-5FA238459531}.Debug|Any CPU.Build.0 = Debug|Any CPU
		{2A7F796F-D63C-4141-831C-5FA238459531}.Release|Any CPU.ActiveCfg = Release|Any CPU
		{2A7F796F-D63C-4141-831C-5FA238459531}.Release|Any CPU.Build.0 = Release|Any CPU
		{38A2A6EC-E122-40E3-884B-D0C2667DEBCB}.Debug|Any CPU.ActiveCfg = Debug|Any CPU
		{38A2A6EC-E122-40E3-884B-D0C2667DEBCB}.Debug|Any CPU.Build.0 = Debug|Any CPU
		{38A2A6EC-E122-40E3-884B-D0C2667DEBCB}.Release|Any CPU.ActiveCfg = Release|Any CPU
		{38A2A6EC-E122-40E3-884B-D0C2667DEBCB}.Release|Any CPU.Build.0 = Release|Any CPU
		{E89D27AE-B582-4542-94BB-6BDEFBCEE16D}.Debug|Any CPU.ActiveCfg = Debug|Any CPU
		{E89D27AE-B582-4542-94BB-6BDEFBCEE16D}.Debug|Any CPU.Build.0 = Debug|Any CPU
		{E89D27AE-B582-4542-94BB-6BDEFBCEE16D}.Release|Any CPU.ActiveCfg = Release|Any CPU
		{E89D27AE-B582-4542-94BB-6BDEFBCEE16D}.Release|Any CPU.Build.0 = Release|Any CPU
		{13B753EB-4D32-4FBF-ACB7-006BE3A39F64}.Debug|Any CPU.ActiveCfg = Debug|Any CPU
		{13B753EB-4D32-4FBF-ACB7-006BE3A39F64}.Debug|Any CPU.Build.0 = Debug|Any CPU
		{13B753EB-4D32-4FBF-ACB7-006BE3A39F64}.Release|Any CPU.ActiveCfg = Release|Any CPU
		{13B753EB-4D32-4FBF-ACB7-006BE3A39F64}.Release|Any CPU.Build.0 = Release|Any CPU
	EndGlobalSection
	GlobalSection(SolutionProperties) = preSolution
		HideSolutionNode = FALSE
	EndGlobalSection
	GlobalSection(ExtensibilityGlobals) = postSolution
		SolutionGuid = {4CF65A84-0293-4AE9-A328-CC0063C79302}
	EndGlobalSection
EndGlobal
